
Microsoft Visual Studio Solution File, Format Version 12.00
# Visual Studio 2012
Project("{FAE04EC0-301F-11D3-BF4B-00C04F79EFBC}") = "Assignment81", "Assignment81\Assignment81.csproj", "{35C1BB68-5FCE-415D-8A73-7101A09F384E}"
EndProject
Global
	GlobalSection(SolutionConfigurationPlatforms) = preSolution
		Debug|Any CPU = Debug|Any CPU
		Release|Any CPU = Release|Any CPU
	EndGlobalSection
	GlobalSection(ProjectConfigurationPlatforms) = postSolution
		{35C1BB68-5FCE-415D-8A73-7101A09F384E}.Debug|Any CPU.ActiveCfg = Debug|Any CPU
		{35C1BB68-5FCE-415D-8A73-7101A09F384E}.Debug|Any CPU.Build.0 = Debug|Any CPU
		{35C1BB68-5FCE-415D-8A73-7101A09F384E}.Release|Any CPU.ActiveCfg = Release|Any CPU
		{35C1BB68-5FCE-415D-8A73-7101A09F384E}.Release|Any CPU.Build.0 = Release|Any CPU
	EndGlobalSection
	GlobalSection(SolutionProperties) = preSolution
		HideSolutionNode = FALSE
	EndGlobalSection
EndGlobal
